// !$*UTF8*$!
{
	archiveVersion = 1;
	classes = {
	};
	objectVersion = 46;
	objects = {

/* Begin PBXBuildFile section */
		4A498C371C2224EA00C73ED1 /* AppDelegate.swift in Sources */ = {isa = PBXBuildFile; fileRef = 4A498C361C2224EA00C73ED1 /* AppDelegate.swift */; };
		4A498C391C2224EA00C73ED1 /* ViewController.swift in Sources */ = {isa = PBXBuildFile; fileRef = 4A498C381C2224EA00C73ED1 /* ViewController.swift */; };
		4A498C3C1C2224EA00C73ED1 /* Main.storyboard in Resources */ = {isa = PBXBuildFile; fileRef = 4A498C3A1C2224EA00C73ED1 /* Main.storyboard */; };
		4A498C3E1C2224EA00C73ED1 /* Assets.xcassets in Resources */ = {isa = PBXBuildFile; fileRef = 4A498C3D1C2224EA00C73ED1 /* Assets.xcassets */; };
		4A498C411C2224EA00C73ED1 /* LaunchScreen.storyboard in Resources */ = {isa = PBXBuildFile; fileRef = 4A498C3F1C2224EA00C73ED1 /* LaunchScreen.storyboard */; };
/* End PBXBuildFile section */

/* Begin PBXFileReference section */
		4A498C331C2224EA00C73ED1 /* CatYears.app */ = {isa = PBXFileReference; explicitFileType = wrapper.application; includeInIndex = 0; path = CatYears.app; sourceTree = BUILT_PRODUCTS_DIR; };
		4A498C361C2224EA00C73ED1 /* AppDelegate.swift */ = {isa = PBXFileReference; lastKnownFileType = sourcecode.swift; path = AppDelegate.swift; sourceTree = "<group>"; };
		4A498C381C2224EA00C73ED1 /* ViewController.swift */ = {isa = PBXFileReference; lastKnownFileType = sourcecode.swift; path = ViewController.swift; sourceTree = "<group>"; };
		4A498C3B1C2224EA00C73ED1 /* Base */ = {isa = PBXFileReference; lastKnownFileType = file.storyboard; name = Base; path = Base.lproj/Main.storyboard; sourceTree = "<group>"; };
		4A498C3D1C2224EA00C73ED1 /* Assets.xcassets */ = {isa = PBXFileReference; lastKnownFileType = folder.assetcatalog; path = Assets.xcassets; sourceTree = "<group>"; };
		4A498C401C2224EA00C73ED1 /* Base */ = {isa = PBXFileReference; lastKnownFileType = file.storyboard; name = Base; path = Base.lproj/LaunchScreen.storyboard; sourceTree = "<group>"; };
		4A498C421C2224EA00C73ED1 /* Info.plist */ = {isa = PBXFileReference; lastKnownFileType = text.plist.xml; path = Info.plist; sourceTree = "<group>"; };
/* End PBXFileReference section */

/* Begin PBXFrameworksBuildPhase section */
		4A498C301C2224E900C73ED1 /* Frameworks */ = {
			isa = PBXFrameworksBuildPhase;
			buildActionMask = 2147483647;
			files = (
			);
			runOnlyForDeploymentPostprocessing = 0;
		};
/* End PBXFrameworksBuildPhase section */

/* Begin PBXGroup section */
		4A498C2A1C2224E900C73ED1 = {
			isa = PBXGroup;
			children = (
				4A498C351C2224EA00C73ED1 /* CatYears */,
				4A498C341C2224EA00C73ED1 /* Products */,
			);
			sourceTree = "<group>";
		};
		4A498C341C2224EA00C73ED1 /* Products */ = {
			isa = PBXGroup;
			children = (
				4A498C331C2224EA00C73ED1 /* CatYears.app */,
			);
			name = Products;
			sourceTree = "<group>";
		};
		4A498C351C2224EA00C73ED1 /* CatYears */ = {
			isa = PBXGroup;
			children = (
				4A498C361C2224EA00C73ED1 /* AppDelegate.swift */,
				4A498C381C2224EA00C73ED1 /* ViewController.swift */,
				4A498C3A1C2224EA00C73ED1 /* Main.storyboard */,
				4A498C3D1C2224EA00C73ED1 /* Assets.xcassets */,
				4A498C3F1C2224EA00C73ED1 /* LaunchScreen.storyboard */,
				4A498C421C2224EA00C73ED1 /* Info.plist */,
			);
			path = CatYears;
			sourceTree = "<group>";
		};
/* End PBXGroup section */

/* Begin PBXNativeTarget section */
		4A498C321C2224E900C73ED1 /* CatYears */ = {
			isa = PBXNativeTarget;
			buildConfigurationList = 4A498C451C2224EA00C73ED1 /* Build configuration list for PBXNativeTarget "CatYears" */;
			buildPhases = (
				4A498C2F1C2224E900C73ED1 /* Sources */,
				4A498C301C2224E900C73ED1 /* Frameworks */,
				4A498C311C2224E900C73ED1 /* Resources */,
			);
			buildRules = (
			);
			dependencies = (
			);
			name = CatYears;
			productName = CatYears;
			productReference = 4A498C331C2224EA00C73ED1 /* CatYears.app */;
			productType = "com.apple.product-type.application";
		};
/* End PBXNativeTarget section */

/* Begin PBXProject section */
		4A498C2B1C2224E900C73ED1 /* Project object */ = {
			isa = PBXProject;
			attributes = {
				LastSwiftUpdateCheck = 0710;
				LastUpgradeCheck = 0710;
				ORGANIZATIONNAME = softengine;
				TargetAttributes = {
					4A498C321C2224E900C73ED1 = {
						CreatedOnToolsVersion = 7.1.1;
						DevelopmentTeam = P8T4P34NY5;
					};
				};
			};
			buildConfigurationList = 4A498C2E1C2224E900C73ED1 /* Build configuration list for PBXProject "CatYears" */;
			compatibilityVersion = "Xcode 3.2";
			developmentRegion = English;
			hasScannedForEncodings = 0;
			knownRegions = (
				en,
				Base,
			);
			mainGroup = 4A498C2A1C2224E900C73ED1;
			productRefGroup = 4A498C341C2224EA00C73ED1 /* Products */;
			projectDirPath = "";
			projectRoot = "";
			targets = (
				4A498C321C2224E900C73ED1 /* CatYears */,
			);
		};
/* End PBXProject section */

/* Begin PBXResourcesBuildPhase section */
		4A498C311C2224E900C73ED1 /* Resources */ = {
			isa = PBXResourcesBuildPhase;
			buildActionMask = 2147483647;
			files = (
				4A498C411C2224EA00C73ED1 /* LaunchScreen.storyboard in Resources */,
				4A498C3E1C2224EA00C73ED1 /* Assets.xcassets in Resources */,
				4A498C3C1C2224EA00C73ED1 /* Main.storyboard in Resources */,
			);
			runOnlyForDeploymentPostprocessing = 0;
		};
/* End PBXResourcesBuildPhase section */

/* Begin PBXSourcesBuildPhase section */
		4A498C2F1C2224E900C73ED1 /* Sources */ = {
			isa = PBXSourcesBuildPhase;
			buildActionMask = 2147483647;
			files = (
				4A498C391C2224EA00C73ED1 /* ViewController.swift in Sources */,
				4A498C371C2224EA00C73ED1 /* AppDelegate.swift in Sources */,
			);
			runOnlyForDeploymentPostprocessing = 0;
		};
/* End PBXSourcesBuildPhase section */

/* Begin PBXVariantGroup section */
		4A498C3A1C2224EA00C73ED1 /* Main.storyboard */ = {
			isa = PBXVariantGroup;
			children = (
				4A498C3B1C2224EA00C73ED1 /* Base */,
			);
			name = Main.storyboard;
			sourceTree = "<group>";
		};
		4A498C3F1C2224EA00C73ED1 /* LaunchScreen.storyboard */ = {
			isa = PBXVariantGroup;
			children = (
				4A498C401C2224EA00C73ED1 /* Base */,
			);
			name = LaunchScreen.storyboard;
			sourceTree = "<group>";
		};
/* End PBXVariantGroup section */

/* Begin XCBuildConfiguration section */
		4A498C431C2224EA00C73ED1 /* Debug */ = {
			isa = XCBuildConfiguration;
			buildSettings = {
				ALWAYS_SEARCH_USER_PATHS = NO;
				CLANG_CXX_LANGUAGE_STANDARD = "gnu++0x";
				CLANG_CXX_LIBRARY = "libc++";
				CLANG_ENABLE_MODULES = YES;
				CLANG_ENABLE_OBJC_ARC = YES;
				CLANG_WARN_BOOL_CONVERSION = YES;
				CLANG_WARN_CONSTANT_CONVERSION = YES;
				CLANG_WARN_DIRECT_OBJC_ISA_USAGE = YES_ERROR;
				CLANG_WARN_EMPTY_BODY = YES;
				CLANG_WARN_ENUM_CONVERSION = YES;
				CLANG_WARN_INT_CONVERSION = YES;
				CLANG_WARN_OBJC_ROOT_CLASS = YES_ERROR;
				CLANG_WARN_UNREACHABLE_CODE = YES;
				CLANG_WARN__DUPLICATE_METHOD_MATCH = YES;
				"CODE_SIGN_IDENTITY[sdk=iphoneos*]" = "iPhone Developer";
				COPY_PHASE_STRIP = NO;
				DEBUG_INFORMATION_FORMAT = dwarf;
				ENABLE_STRICT_OBJC_MSGSEND = YES;
				ENABLE_TESTABILITY = YES;
				GCC_C_LANGUAGE_STANDARD = gnu99;
				GCC_DYNAMIC_NO_PIC = NO;
				GCC_NO_COMMON_BLOCKS = YES;
				GCC_OPTIMIZATION_LEVEL = 0;
				GCC_PREPROCESSOR_DEFINITIONS = (
					"DEBUG=1",
					"$(inherited)",
				);
				GCC_WARN_64_TO_32_BIT_CONVERSION = YES;
				GCC_WARN_ABOUT_RETURN_TYPE = YES_ERROR;
				GCC_WARN_UNDECLARED_SELECTOR = YES;
				GCC_WARN_UNINITIALIZED_AUTOS = YES_AGGRESSIVE;
				GCC_WARN_UNUSED_FUNCTION = YES;
				GCC_WARN_UNUSED_VARIABLE = YES;
				IPHONEOS_DEPLOYMENT_TARGET = 9.1;
				MTL_ENABLE_DEBUG_INFO = YES;
				ONLY_ACTIVE_ARCH = YES;
				SDKROOT = iphoneos;
				SWIFT_OPTIMIZATION_LEVEL = "-Onone";
			};
			name = Debug;
		};
		4A498C441C2224EA00C73ED1 /* Release */ = {
			isa = XCBuildConfiguration;
			buildSettings = {
				ALWAYS_SEARCH_USER_PATHS = NO;
				CLANG_CXX_LANGUAGE_STANDARD = "gnu++0x";
				CLANG_CXX_LIBRARY = "libc++";
				CLANG_ENABLE_MODULES = YES;
				CLANG_ENABLE_OBJC_ARC = YES;
				CLANG_WARN_BOOL_CONVERSION = YES;
				CLANG_WARN_CONSTANT_CONVERSION = YES;
				CLANG_WARN_DIRECT_OBJC_ISA_USAGE = YES_ERROR;
				CLANG_WARN_EMPTY_BODY = YES;
				CLANG_WARN_ENUM_CONVERSION = YES;
				CLANG_WARN_INT_CONVERSION = YES;
				CLANG_WARN_OBJC_ROOT_CLASS = YES_ERROR;
				CLANG_WARN_UNREACHABLE_CODE = YES;
				CLANG_WARN__DUPLICATE_METHOD_MATCH = YES;
				"CODE_SIGN_IDENTITY[sdk=iphoneos*]" = "iPhone Developer";
				COPY_PHASE_STRIP = NO;
				DEBUG_INFORMATION_FORMAT = "dwarf-with-dsym";
				ENABLE_NS_ASSERTIONS = NO;
				ENABLE_STRICT_OBJC_MSGSEND = YES;
				GCC_C_LANGUAGE_STANDARD = gnu99;
				GCC_NO_COMMON_BLOCKS = YES;
				GCC_WARN_64_TO_32_BIT_CONVERSION = YES;
				GCC_WARN_ABOUT_RETURN_TYPE = YES_ERROR;
				GCC_WARN_UNDECLARED_SELECTOR = YES;
				GCC_WARN_UNINITIALIZED_AUTOS = YES_AGGRESSIVE;
				GCC_WARN_UNUSED_FUNCTION = YES;
				GCC_WARN_UNUSED_VARIABLE = YES;
				IPHONEOS_DEPLOYMENT_TARGET = 9.1;
				MTL_ENABLE_DEBUG_INFO = NO;
				SDKROOT = iphoneos;
				VALIDATE_PRODUCT = YES;
			};
			name = Release;
		};
		4A498C461C2224EA00C73ED1 /* Debug */ = {
			isa = XCBuildConfiguration;
			buildSettings = {
				ASSETCATALOG_COMPILER_APPICON_NAME = AppIcon;
				INFOPLIST_FILE = CatYears/Info.plist;
				LD_RUNPATH_SEARCH_PATHS = "$(inherited) @executable_path/Frameworks";
				PRODUCT_BUNDLE_IDENTIFIER = com.softengine.CatYears;
				PRODUCT_NAME = "$(TARGET_NAME)";
			};
			name = Debug;
		};
		4A498C471C2224EA00C73ED1 /* Release */ = {
			isa = XCBuildConfiguration;
			buildSettings = {
				ASSETCATALOG_COMPILER_APPICON_NAME = AppIcon;
				INFOPLIST_FILE = CatYears/Info.plist;
				LD_RUNPATH_SEARCH_PATHS = "$(inherited) @executable_path/Frameworks";
				PRODUCT_BUNDLE_IDENTIFIER = com.softengine.CatYears;
				PRODUCT_NAME = "$(TARGET_NAME)";
			};
			name = Release;
		};
/* End XCBuildConfiguration section */

/* Begin XCConfigurationList section */
		4A498C2E1C2224E900C73ED1 /* Build configuration list for PBXProject "CatYears" */ = {
			isa = XCConfigurationList;
			buildConfigurations = (
				4A498C431C2224EA00C73ED1 /* Debug */,
				4A498C441C2224EA00C73ED1 /* Release */,
			);
			defaultConfigurationIsVisible = 0;
			defaultConfigurationName = Release;
		};
		4A498C451C2224EA00C73ED1 /* Build configuration list for PBXNativeTarget "CatYears" */ = {
			isa = XCConfigurationList;
			buildConfigurations = (
				4A498C461C2224EA00C73ED1 /* Debug */,
				4A498C471C2224EA00C73ED1 /* Release */,
			);
			defaultConfigurationIsVisible = 0;
		};
/* End XCConfigurationList section */
	};
	rootObject = 4A498C2B1C2224E900C73ED1 /* Project object */;
}
